# @generated by Move, please check-in and do not edit manually.

[move]
version = 3
manifest_digest = "BE277E7DECE4A5838749E16678FC2070AD52C8590D5B2AD76553F854CD8A4193"
deps_digest = "F9B494B64F0615AED0E98FC12A85B85ECD2BC5185C22D30E7F67786BB52E507C"
dependencies = [
  { id = "Bridge", name = "Bridge" },
  { id = "MoveStdlib", name = "MoveStdlib" },
  { id = "Sui", name = "Sui" },
  { id = "SuiSystem", name = "SuiSystem" },
]

[[move.package]]
id = "Bridge"
source = { git = "https://github.com/MystenLabs/sui.git", rev = "209f0da8e316", subdir = "crates/sui-framework/packages/bridge" }

dependencies = [
  { id = "MoveStdlib", name = "MoveStdlib" },
  { id = "Sui", name = "Sui" },
  { id = "SuiSystem", name = "SuiSystem" },
]

[[move.package]]
id = "MoveStdlib"
source = { git = "https://github.com/MystenLabs/sui.git", rev = "209f0da8e316", subdir = "crates/sui-framework/packages/move-stdlib" }

[[move.package]]
id = "Sui"
source = { git = "https://github.com/MystenLabs/sui.git", rev = "209f0da8e316", subdir = "crates/sui-framework/packages/sui-framework" }

dependencies = [
  { id = "MoveStdlib", name = "MoveStdlib" },
]

[[move.package]]
id = "SuiSystem"
source = { git = "https://github.com/MystenLabs/sui.git", rev = "209f0da8e316", subdir = "crates/sui-framework/packages/sui-system" }

dependencies = [
  { id = "MoveStdlib", name = "MoveStdlib" },
  { id = "Sui", name = "Sui" },
]

[move.toolchain-version]
compiler-version = "1.52.2"
edition = "2024.beta"
flavor = "sui"

[env]

[env.local]
chain-id = "c10707f3"
original-published-id = "0x8e84bf88f40f301d89b491a776ad4ddd45ee5bf46b9a722f4cf455248d4b73cc"
latest-published-id = "0x8e84bf88f40f301d89b491a776ad4ddd45ee5bf46b9a722f4cf455248d4b73cc"
published-version = "1"

[env.testnet]
chain-id = "4c78adac"
original-published-id = "0x3053eca8d22c74a6a9a05c16d68ad0a068074c444bb3f23e1d69e798ec88c8ab"
latest-published-id = "0x3053eca8d22c74a6a9a05c16d68ad0a068074c444bb3f23e1d69e798ec88c8ab"
published-version = "1"
