# @generated by Move, please check-in and do not edit manually.

[move]
version = 3
manifest_digest = "BE277E7DECE4A5838749E16678FC2070AD52C8590D5B2AD76553F854CD8A4193"
deps_digest = "F9B494B64F0615AED0E98FC12A85B85ECD2BC5185C22D30E7F67786BB52E507C"
dependencies = [
  { id = "Bridge", name = "Bridge" },
  { id = "MoveStdlib", name = "MoveStdlib" },
  { id = "Sui", name = "Sui" },
  { id = "SuiSystem", name = "SuiSystem" },
]

[[move.package]]
id = "Bridge"
source = { git = "https://github.com/MystenLabs/sui.git", rev = "2c930c25f8d3", subdir = "crates/sui-framework/packages/bridge" }

dependencies = [
  { id = "MoveStdlib", name = "MoveStdlib" },
  { id = "Sui", name = "Sui" },
  { id = "SuiSystem", name = "SuiSystem" },
]

[[move.package]]
id = "MoveStdlib"
source = { git = "https://github.com/MystenLabs/sui.git", rev = "2c930c25f8d3", subdir = "crates/sui-framework/packages/move-stdlib" }

[[move.package]]
id = "Sui"
source = { git = "https://github.com/MystenLabs/sui.git", rev = "2c930c25f8d3", subdir = "crates/sui-framework/packages/sui-framework" }

dependencies = [
  { id = "MoveStdlib", name = "MoveStdlib" },
]

[[move.package]]
id = "SuiSystem"
source = { git = "https://github.com/MystenLabs/sui.git", rev = "2c930c25f8d3", subdir = "crates/sui-framework/packages/sui-system" }

dependencies = [
  { id = "MoveStdlib", name = "MoveStdlib" },
  { id = "Sui", name = "Sui" },
]

[move.toolchain-version]
compiler-version = "1.53.2"
edition = "2024.beta"
flavor = "sui"

[env]

[env.devnet]
chain-id = "4256f1d2"
original-published-id = "0x959081e26d6b9aca443706b3e3d2d3dd5391904c98fc9ef6ab3d71f2c3e3dd60"
latest-published-id = "0x959081e26d6b9aca443706b3e3d2d3dd5391904c98fc9ef6ab3d71f2c3e3dd60"
published-version = "1"

[env.testnet]
chain-id = "4c78adac"
original-published-id = "0x79c3a448d2dc27b862e304a9a64f39d420c2f605b8b432d44911d330094aef06"
latest-published-id = "0x79c3a448d2dc27b862e304a9a64f39d420c2f605b8b432d44911d330094aef06"
published-version = "1"
