# @generated by Move, please check-in and do not edit manually.

[move]
version = 3
manifest_digest = "86B4EDF3F5A4E1D9CAE2D1C28AF7DF03DB1BF93462A643538183D7BC7ECF0333"
deps_digest = "397E6A9F7A624706DBDFEE056CE88391A15876868FD18A88504DA74EB458D697"
dependencies = [
  { id = "Bridge", name = "Bridge" },
  { id = "MoveStdlib", name = "MoveStdlib" },
  { id = "Sui", name = "Sui" },
  { id = "SuiSystem", name = "SuiSystem" },
  { id = "bitcoin_parser", name = "bitcoin_parser" },
]

[[move.package]]
id = "Bridge"
source = { git = "https://github.com/MystenLabs/sui.git", rev = "664b05b3b047c5bb03979d093660176176ea6175", subdir = "crates/sui-framework/packages/bridge" }

dependencies = [
  { id = "MoveStdlib", name = "MoveStdlib" },
  { id = "Sui", name = "Sui" },
  { id = "SuiSystem", name = "SuiSystem" },
]

[[move.package]]
id = "MoveStdlib"
source = { git = "https://github.com/MystenLabs/sui.git", rev = "664b05b3b047c5bb03979d093660176176ea6175", subdir = "crates/sui-framework/packages/move-stdlib" }

[[move.package]]
id = "Sui"
source = { git = "https://github.com/MystenLabs/sui.git", rev = "664b05b3b047c5bb03979d093660176176ea6175", subdir = "crates/sui-framework/packages/sui-framework" }

dependencies = [
  { id = "MoveStdlib", name = "MoveStdlib" },
]

[[move.package]]
id = "SuiSystem"
source = { git = "https://github.com/MystenLabs/sui.git", rev = "664b05b3b047c5bb03979d093660176176ea6175", subdir = "crates/sui-framework/packages/sui-system" }

dependencies = [
  { id = "MoveStdlib", name = "MoveStdlib" },
  { id = "Sui", name = "Sui" },
]

[[move.package]]
id = "bitcoin_parser"
source = { local = "../bitcoin_parser" }

dependencies = [
  { id = "Bridge", name = "Bridge" },
  { id = "MoveStdlib", name = "MoveStdlib" },
  { id = "Sui", name = "Sui" },
  { id = "SuiSystem", name = "SuiSystem" },
]

[move.toolchain-version]
compiler-version = "1.56.2"
edition = "2024.beta"
flavor = "sui"

[env]

[env.devnet]
chain-id = "4256f1d2"
original-published-id = "0x5698a7a53a3134dfda08ad2406d586453f5236d15f75e8a0f896f880c118e39e"
latest-published-id = "0x5698a7a53a3134dfda08ad2406d586453f5236d15f75e8a0f896f880c118e39e"
published-version = "1"

[env.testnet]
chain-id = "4c78adac"
original-published-id = "0x7e7daf17f75096977b0d9791f5f5fb3b2cb6ef44149747117ff5f1c0c4a6e00b"
latest-published-id = "0x7e7daf17f75096977b0d9791f5f5fb3b2cb6ef44149747117ff5f1c0c4a6e00b"
published-version = "1"
