# @generated by Move, please check-in and do not edit manually.

[move]
version = 3
manifest_digest = "D32BB8D07E39EB3436C79830760D66820ECE3395E2C083249232A06724081022"
deps_digest = "52B406A7A21811BEF51751CF88DA0E76DAEFFEAC888D4F4060B1A72BBE7D8D35"
dependencies = [
  { id = "BitcoinSPV", name = "BitcoinSPV" },
  { id = "Bridge", name = "Bridge" },
  { id = "MoveStdlib", name = "MoveStdlib" },
  { id = "Sui", name = "Sui" },
  { id = "SuiSystem", name = "SuiSystem" },
  { id = "btc_parser", name = "btc_parser" },
]

[[move.package]]
id = "BitcoinSPV"
source = { git = "https://github.com/gonative-cc/move-bitcoin-spv.git", rev = "stan/local_test", subdir = "./" }

dependencies = [
  { id = "Bridge", name = "Bridge" },
  { id = "MoveStdlib", name = "MoveStdlib" },
  { id = "Sui", name = "Sui" },
  { id = "SuiSystem", name = "SuiSystem" },
  { id = "btc_parser", name = "btc_parser" },
]

[[move.package]]
id = "Bridge"
source = { git = "https://github.com/MystenLabs/sui.git", rev = "209f0da8e316", subdir = "crates/sui-framework/packages/bridge" }

dependencies = [
  { id = "MoveStdlib", name = "MoveStdlib" },
  { id = "Sui", name = "Sui" },
  { id = "SuiSystem", name = "SuiSystem" },
]

[[move.package]]
id = "MoveStdlib"
source = { git = "https://github.com/MystenLabs/sui.git", rev = "209f0da8e316", subdir = "crates/sui-framework/packages/move-stdlib" }

[[move.package]]
id = "Sui"
source = { git = "https://github.com/MystenLabs/sui.git", rev = "209f0da8e316", subdir = "crates/sui-framework/packages/sui-framework" }

dependencies = [
  { id = "MoveStdlib", name = "MoveStdlib" },
]

[[move.package]]
id = "SuiSystem"
source = { git = "https://github.com/MystenLabs/sui.git", rev = "209f0da8e316", subdir = "crates/sui-framework/packages/sui-system" }

dependencies = [
  { id = "MoveStdlib", name = "MoveStdlib" },
  { id = "Sui", name = "Sui" },
]

[[move.package]]
id = "btc_parser"
source = { git = "https://github.com/gonative-cc/sui-native", rev = "stan/local_test", subdir = "./btc_parser" }

dependencies = [
  { id = "Bridge", name = "Bridge" },
  { id = "MoveStdlib", name = "MoveStdlib" },
  { id = "Sui", name = "Sui" },
  { id = "SuiSystem", name = "SuiSystem" },
]

[move.toolchain-version]
compiler-version = "1.52.2"
edition = "2024.beta"
flavor = "sui"

[env]

[env.local]
chain-id = "c10707f3"
original-published-id = "0x675b3487f5911521a3433c1ee95454f3477e96ce75576a992b6eded2d4e56c4a"
latest-published-id = "0x675b3487f5911521a3433c1ee95454f3477e96ce75576a992b6eded2d4e56c4a"
published-version = "1"

[env.testnet]
chain-id = "4c78adac"
original-published-id = "0x319a445b1bffe8e5811064ff4d745cf91af805f19a8e6a849942a84660b3b34f"
latest-published-id = "0x319a445b1bffe8e5811064ff4d745cf91af805f19a8e6a849942a84660b3b34f"
published-version = "1"
